// !$*UTF8*$!
{
	archiveVersion = 1;
	classes = {
	};
	objectVersion = 46;
	objects = {

/* Begin PBXBuildFile section */
		3BC0B4B0257FB03E008ED1D6 /* RNTscCommand.m in Sources */ = {isa = PBXBuildFile; fileRef = 3BC0B4AF257FB03E008ED1D6 /* RNTscCommand.m */; };
		3BC0B4B5257FB07C008ED1D6 /* PrintImageBleWriteDelegate.m in Sources */ = {isa = PBXBuildFile; fileRef = 3BC0B4B4257FB07C008ED1D6 /* PrintImageBleWriteDelegate.m */; };
		3BC0B4BA257FB0BD008ED1D6 /* ImageUtils.m in Sources */ = {isa = PBXBuildFile; fileRef = 3BC0B4B9257FB0BD008ED1D6 /* ImageUtils.m */; };
		3BC0B4BF257FB0ED008ED1D6 /* ColumnSplitedString.m in Sources */ = {isa = PBXBuildFile; fileRef = 3BC0B4BE257FB0ED008ED1D6 /* ColumnSplitedString.m */; };
		3BC0B4C4257FB120008ED1D6 /* PrintColumnBleWriteDelegate.m in Sources */ = {isa = PBXBuildFile; fileRef = 3BC0B4C3257FB120008ED1D6 /* PrintColumnBleWriteDelegate.m */; };
		3BC0B4C9257FB150008ED1D6 /* RNBluetoothTscPrinter.m in Sources */ = {isa = PBXBuildFile; fileRef = 3BC0B4C8257FB150008ED1D6 /* RNBluetoothTscPrinter.m */; };
		3BC0B4CE257FB194008ED1D6 /* RNBluetoothManager.m in Sources */ = {isa = PBXBuildFile; fileRef = 3BC0B4CD257FB194008ED1D6 /* RNBluetoothManager.m */; };
		3BC0B4D3257FB1D1008ED1D6 /* RNBluetoothEscposPrinter.m in Sources */ = {isa = PBXBuildFile; fileRef = 3BC0B4D2257FB1D1008ED1D6 /* RNBluetoothEscposPrinter.m */; };
/* End PBXBuildFile section */

/* Begin PBXCopyFilesBuildPhase section */
		58B511D91A9E6C8500147676 /* CopyFiles */ = {
			isa = PBXCopyFilesBuildPhase;
			buildActionMask = 2147483647;
			dstPath = "include/$(PRODUCT_NAME)";
			dstSubfolderSpec = 16;
			files = (
			);
			runOnlyForDeploymentPostprocessing = 0;
		};
/* End PBXCopyFilesBuildPhase section */

/* Begin PBXFileReference section */
		134814201AA4EA6300B7C361 /* libBluetoothEscposPrinterFork.a */ = {isa = PBXFileReference; explicitFileType = archive.ar; includeInIndex = 0; path = libBluetoothEscposPrinterFork.a; sourceTree = BUILT_PRODUCTS_DIR; };
		3BC0B4AE257FB013008ED1D6 /* RNTscCommand.h */ = {isa = PBXFileReference; lastKnownFileType = sourcecode.c.h; path = RNTscCommand.h; sourceTree = "<group>"; };
		3BC0B4AF257FB03E008ED1D6 /* RNTscCommand.m */ = {isa = PBXFileReference; lastKnownFileType = sourcecode.c.objc; path = RNTscCommand.m; sourceTree = "<group>"; };
		3BC0B4B3257FB063008ED1D6 /* PrintImageBleWriteDelegate.h */ = {isa = PBXFileReference; lastKnownFileType = sourcecode.c.h; path = PrintImageBleWriteDelegate.h; sourceTree = "<group>"; };
		3BC0B4B4257FB07C008ED1D6 /* PrintImageBleWriteDelegate.m */ = {isa = PBXFileReference; lastKnownFileType = sourcecode.c.objc; path = PrintImageBleWriteDelegate.m; sourceTree = "<group>"; };
		3BC0B4B8257FB0A7008ED1D6 /* ImageUtils.h */ = {isa = PBXFileReference; lastKnownFileType = sourcecode.c.h; path = ImageUtils.h; sourceTree = "<group>"; };
		3BC0B4B9257FB0BD008ED1D6 /* ImageUtils.m */ = {isa = PBXFileReference; lastKnownFileType = sourcecode.c.objc; path = ImageUtils.m; sourceTree = "<group>"; };
		3BC0B4BD257FB0D7008ED1D6 /* ColumnSplitedString.h */ = {isa = PBXFileReference; lastKnownFileType = sourcecode.c.h; path = ColumnSplitedString.h; sourceTree = "<group>"; };
		3BC0B4BE257FB0ED008ED1D6 /* ColumnSplitedString.m */ = {isa = PBXFileReference; lastKnownFileType = sourcecode.c.objc; path = ColumnSplitedString.m; sourceTree = "<group>"; };
		3BC0B4C2257FB106008ED1D6 /* PrintColumnBleWriteDelegate.h */ = {isa = PBXFileReference; lastKnownFileType = sourcecode.c.h; path = PrintColumnBleWriteDelegate.h; sourceTree = "<group>"; };
		3BC0B4C3257FB120008ED1D6 /* PrintColumnBleWriteDelegate.m */ = {isa = PBXFileReference; lastKnownFileType = sourcecode.c.objc; path = PrintColumnBleWriteDelegate.m; sourceTree = "<group>"; };
		3BC0B4C7257FB13D008ED1D6 /* RNBluetoothTscPrinter.h */ = {isa = PBXFileReference; lastKnownFileType = sourcecode.c.h; path = RNBluetoothTscPrinter.h; sourceTree = "<group>"; };
		3BC0B4C8257FB150008ED1D6 /* RNBluetoothTscPrinter.m */ = {isa = PBXFileReference; lastKnownFileType = sourcecode.c.objc; path = RNBluetoothTscPrinter.m; sourceTree = "<group>"; };
		3BC0B4CC257FB174008ED1D6 /* RNBluetoothManager.h */ = {isa = PBXFileReference; lastKnownFileType = sourcecode.c.h; path = RNBluetoothManager.h; sourceTree = "<group>"; };
		3BC0B4CD257FB194008ED1D6 /* RNBluetoothManager.m */ = {isa = PBXFileReference; lastKnownFileType = sourcecode.c.objc; path = RNBluetoothManager.m; sourceTree = "<group>"; };
		3BC0B4D1257FB1B3008ED1D6 /* RNBluetoothEscposPrinter.h */ = {isa = PBXFileReference; lastKnownFileType = sourcecode.c.h; path = RNBluetoothEscposPrinter.h; sourceTree = "<group>"; };
		3BC0B4D2257FB1D1008ED1D6 /* RNBluetoothEscposPrinter.m */ = {isa = PBXFileReference; lastKnownFileType = sourcecode.c.objc; path = RNBluetoothEscposPrinter.m; sourceTree = "<group>"; };
/* End PBXFileReference section */

/* Begin PBXFrameworksBuildPhase section */
		58B511D81A9E6C8500147676 /* Frameworks */ = {
			isa = PBXFrameworksBuildPhase;
			buildActionMask = 2147483647;
			files = (
			);
			runOnlyForDeploymentPostprocessing = 0;
		};
/* End PBXFrameworksBuildPhase section */

/* Begin PBXGroup section */
		134814211AA4EA7D00B7C361 /* Products */ = {
			isa = PBXGroup;
			children = (
				134814201AA4EA6300B7C361 /* libBluetoothEscposPrinterFork.a */,
			);
			name = Products;
			sourceTree = "<group>";
		};
		58B511D21A9E6C8500147676 = {
			isa = PBXGroup;
			children = (
				3BC0B4D2257FB1D1008ED1D6 /* RNBluetoothEscposPrinter.m */,
				3BC0B4D1257FB1B3008ED1D6 /* RNBluetoothEscposPrinter.h */,
				3BC0B4CD257FB194008ED1D6 /* RNBluetoothManager.m */,
				3BC0B4CC257FB174008ED1D6 /* RNBluetoothManager.h */,
				3BC0B4C8257FB150008ED1D6 /* RNBluetoothTscPrinter.m */,
				3BC0B4C7257FB13D008ED1D6 /* RNBluetoothTscPrinter.h */,
				3BC0B4C3257FB120008ED1D6 /* PrintColumnBleWriteDelegate.m */,
				3BC0B4C2257FB106008ED1D6 /* PrintColumnBleWriteDelegate.h */,
				3BC0B4BE257FB0ED008ED1D6 /* ColumnSplitedString.m */,
				3BC0B4BD257FB0D7008ED1D6 /* ColumnSplitedString.h */,
				3BC0B4B9257FB0BD008ED1D6 /* ImageUtils.m */,
				3BC0B4B8257FB0A7008ED1D6 /* ImageUtils.h */,
				3BC0B4B4257FB07C008ED1D6 /* PrintImageBleWriteDelegate.m */,
				3BC0B4B3257FB063008ED1D6 /* PrintImageBleWriteDelegate.h */,
				3BC0B4AE257FB013008ED1D6 /* RNTscCommand.h */,
				3BC0B4AF257FB03E008ED1D6 /* RNTscCommand.m */,
				134814211AA4EA7D00B7C361 /* Products */,
			);
			sourceTree = "<group>";
		};
/* End PBXGroup section */

/* Begin PBXNativeTarget section */
		58B511DA1A9E6C8500147676 /* BluetoothEscposPrinterFork */ = {
			isa = PBXNativeTarget;
			buildConfigurationList = 58B511EF1A9E6C8500147676 /* Build configuration list for PBXNativeTarget "BluetoothEscposPrinterFork" */;
			buildPhases = (
				58B511D71A9E6C8500147676 /* Sources */,
				58B511D81A9E6C8500147676 /* Frameworks */,
				58B511D91A9E6C8500147676 /* CopyFiles */,
			);
			buildRules = (
			);
			dependencies = (
			);
			name = BluetoothEscposPrinterFork;
			productName = RCTDataManager;
			productReference = 134814201AA4EA6300B7C361 /* libBluetoothEscposPrinterFork.a */;
			productType = "com.apple.product-type.library.static";
		};
/* End PBXNativeTarget section */

/* Begin PBXProject section */
		58B511D31A9E6C8500147676 /* Project object */ = {
			isa = PBXProject;
			attributes = {
				LastUpgradeCheck = 0920;
				ORGANIZATIONNAME = Facebook;
				TargetAttributes = {
					58B511DA1A9E6C8500147676 = {
						CreatedOnToolsVersion = 6.1.1;
					};
				};
			};
			buildConfigurationList = 58B511D61A9E6C8500147676 /* Build configuration list for PBXProject "BluetoothEscposPrinterFork" */;
			compatibilityVersion = "Xcode 3.2";
			developmentRegion = English;
			hasScannedForEncodings = 0;
			knownRegions = (
				English,
				en,
			);
			mainGroup = 58B511D21A9E6C8500147676;
			productRefGroup = 58B511D21A9E6C8500147676;
			projectDirPath = "";
			projectRoot = "";
			targets = (
				58B511DA1A9E6C8500147676 /* BluetoothEscposPrinterFork */,
			);
		};
/* End PBXProject section */

/* Begin PBXSourcesBuildPhase section */
		58B511D71A9E6C8500147676 /* Sources */ = {
			isa = PBXSourcesBuildPhase;
			buildActionMask = 2147483647;
			files = (
				3BC0B4CE257FB194008ED1D6 /* RNBluetoothManager.m in Sources */,
				3BC0B4C4257FB120008ED1D6 /* PrintColumnBleWriteDelegate.m in Sources */,
				3BC0B4B5257FB07C008ED1D6 /* PrintImageBleWriteDelegate.m in Sources */,
				3BC0B4D3257FB1D1008ED1D6 /* RNBluetoothEscposPrinter.m in Sources */,
				3BC0B4B0257FB03E008ED1D6 /* RNTscCommand.m in Sources */,
				3BC0B4BF257FB0ED008ED1D6 /* ColumnSplitedString.m in Sources */,
				3BC0B4C9257FB150008ED1D6 /* RNBluetoothTscPrinter.m in Sources */,
				3BC0B4BA257FB0BD008ED1D6 /* ImageUtils.m in Sources */,
			);
			runOnlyForDeploymentPostprocessing = 0;
		};
/* End PBXSourcesBuildPhase section */

/* Begin XCBuildConfiguration section */
		58B511ED1A9E6C8500147676 /* Debug */ = {
			isa = XCBuildConfiguration;
			buildSettings = {
				ALWAYS_SEARCH_USER_PATHS = NO;
				CLANG_CXX_LANGUAGE_STANDARD = "gnu++0x";
				CLANG_CXX_LIBRARY = "libc++";
				CLANG_ENABLE_MODULES = YES;
				CLANG_ENABLE_OBJC_ARC = YES;
				CLANG_WARN_BLOCK_CAPTURE_AUTORELEASING = YES;
				CLANG_WARN_BOOL_CONVERSION = YES;
				CLANG_WARN_COMMA = YES;
				CLANG_WARN_CONSTANT_CONVERSION = YES;
				CLANG_WARN_DIRECT_OBJC_ISA_USAGE = YES_ERROR;
				CLANG_WARN_EMPTY_BODY = YES;
				CLANG_WARN_ENUM_CONVERSION = YES;
				CLANG_WARN_INFINITE_RECURSION = YES;
				CLANG_WARN_INT_CONVERSION = YES;
				CLANG_WARN_NON_LITERAL_NULL_CONVERSION = YES;
				CLANG_WARN_OBJC_LITERAL_CONVERSION = YES;
				CLANG_WARN_OBJC_ROOT_CLASS = YES_ERROR;
				CLANG_WARN_RANGE_LOOP_ANALYSIS = YES;
				CLANG_WARN_STRICT_PROTOTYPES = YES;
				CLANG_WARN_SUSPICIOUS_MOVE = YES;
				CLANG_WARN_UNREACHABLE_CODE = YES;
				CLANG_WARN__DUPLICATE_METHOD_MATCH = YES;
				COPY_PHASE_STRIP = NO;
				ENABLE_STRICT_OBJC_MSGSEND = YES;
				ENABLE_TESTABILITY = YES;
				GCC_C_LANGUAGE_STANDARD = gnu99;
				GCC_DYNAMIC_NO_PIC = NO;
				GCC_NO_COMMON_BLOCKS = YES;
				GCC_OPTIMIZATION_LEVEL = 0;
				GCC_PREPROCESSOR_DEFINITIONS = (
					"DEBUG=1",
					"$(inherited)",
				);
				GCC_SYMBOLS_PRIVATE_EXTERN = NO;
				GCC_WARN_64_TO_32_BIT_CONVERSION = YES;
				GCC_WARN_ABOUT_RETURN_TYPE = YES_ERROR;
				GCC_WARN_UNDECLARED_SELECTOR = YES;
				GCC_WARN_UNINITIALIZED_AUTOS = YES_AGGRESSIVE;
				GCC_WARN_UNUSED_FUNCTION = YES;
				GCC_WARN_UNUSED_VARIABLE = YES;
				IPHONEOS_DEPLOYMENT_TARGET = 8.0;
				MTL_ENABLE_DEBUG_INFO = YES;
				ONLY_ACTIVE_ARCH = YES;
				SDKROOT = iphoneos;
			};
			name = Debug;
		};
		58B511EE1A9E6C8500147676 /* Release */ = {
			isa = XCBuildConfiguration;
			buildSettings = {
				ALWAYS_SEARCH_USER_PATHS = NO;
				CLANG_CXX_LANGUAGE_STANDARD = "gnu++0x";
				CLANG_CXX_LIBRARY = "libc++";
				CLANG_ENABLE_MODULES = YES;
				CLANG_ENABLE_OBJC_ARC = YES;
				CLANG_WARN_BLOCK_CAPTURE_AUTORELEASING = YES;
				CLANG_WARN_BOOL_CONVERSION = YES;
				CLANG_WARN_COMMA = YES;
				CLANG_WARN_CONSTANT_CONVERSION = YES;
				CLANG_WARN_DIRECT_OBJC_ISA_USAGE = YES_ERROR;
				CLANG_WARN_EMPTY_BODY = YES;
				CLANG_WARN_ENUM_CONVERSION = YES;
				CLANG_WARN_INFINITE_RECURSION = YES;
				CLANG_WARN_INT_CONVERSION = YES;
				CLANG_WARN_NON_LITERAL_NULL_CONVERSION = YES;
				CLANG_WARN_OBJC_LITERAL_CONVERSION = YES;
				CLANG_WARN_OBJC_ROOT_CLASS = YES_ERROR;
				CLANG_WARN_RANGE_LOOP_ANALYSIS = YES;
				CLANG_WARN_STRICT_PROTOTYPES = YES;
				CLANG_WARN_SUSPICIOUS_MOVE = YES;
				CLANG_WARN_UNREACHABLE_CODE = YES;
				CLANG_WARN__DUPLICATE_METHOD_MATCH = YES;
				COPY_PHASE_STRIP = YES;
				ENABLE_NS_ASSERTIONS = NO;
				ENABLE_STRICT_OBJC_MSGSEND = YES;
				GCC_C_LANGUAGE_STANDARD = gnu99;
				GCC_NO_COMMON_BLOCKS = YES;
				GCC_WARN_64_TO_32_BIT_CONVERSION = YES;
				GCC_WARN_ABOUT_RETURN_TYPE = YES_ERROR;
				GCC_WARN_UNDECLARED_SELECTOR = YES;
				GCC_WARN_UNINITIALIZED_AUTOS = YES_AGGRESSIVE;
				GCC_WARN_UNUSED_FUNCTION = YES;
				GCC_WARN_UNUSED_VARIABLE = YES;
				IPHONEOS_DEPLOYMENT_TARGET = 8.0;
				MTL_ENABLE_DEBUG_INFO = NO;
				SDKROOT = iphoneos;
				VALIDATE_PRODUCT = YES;
			};
			name = Release;
		};
		58B511F01A9E6C8500147676 /* Debug */ = {
			isa = XCBuildConfiguration;
			buildSettings = {
				HEADER_SEARCH_PATHS = (
					"$(inherited)",
					/Applications/Xcode.app/Contents/Developer/Toolchains/XcodeDefault.xctoolchain/usr/include,
					"$(SRCROOT)/../../../React/**",
					"$(SRCROOT)/../../react-native/React/**",
				);
				LIBRARY_SEARCH_PATHS = "$(inherited)";
				OTHER_LDFLAGS = "-ObjC";
				PRODUCT_NAME = BluetoothEscposPrinterFork;
				SKIP_INSTALL = YES;
			};
			name = Debug;
		};
		58B511F11A9E6C8500147676 /* Release */ = {
			isa = XCBuildConfiguration;
			buildSettings = {
				HEADER_SEARCH_PATHS = (
					"$(inherited)",
					/Applications/Xcode.app/Contents/Developer/Toolchains/XcodeDefault.xctoolchain/usr/include,
					"$(SRCROOT)/../../../React/**",
					"$(SRCROOT)/../../react-native/React/**",
				);
				LIBRARY_SEARCH_PATHS = "$(inherited)";
				OTHER_LDFLAGS = "-ObjC";
				PRODUCT_NAME = BluetoothEscposPrinterFork;
				SKIP_INSTALL = YES;
			};
			name = Release;
		};
/* End XCBuildConfiguration section */

/* Begin XCConfigurationList section */
		58B511D61A9E6C8500147676 /* Build configuration list for PBXProject "BluetoothEscposPrinterFork" */ = {
			isa = XCConfigurationList;
			buildConfigurations = (
				58B511ED1A9E6C8500147676 /* Debug */,
				58B511EE1A9E6C8500147676 /* Release */,
			);
			defaultConfigurationIsVisible = 0;
			defaultConfigurationName = Release;
		};
		58B511EF1A9E6C8500147676 /* Build configuration list for PBXNativeTarget "BluetoothEscposPrinterFork" */ = {
			isa = XCConfigurationList;
			buildConfigurations = (
				58B511F01A9E6C8500147676 /* Debug */,
				58B511F11A9E6C8500147676 /* Release */,
			);
			defaultConfigurationIsVisible = 0;
			defaultConfigurationName = Release;
		};
/* End XCConfigurationList section */
	};
	rootObject = 58B511D31A9E6C8500147676 /* Project object */;
}
